
Microsoft Visual Studio Solution File, Format Version 12.00
# Visual Studio Version 16
VisualStudioVersion = 16.0.808.4
MinimumVisualStudioVersion = 10.0.40219.1
Project("{FAE04EC0-301F-11D3-BF4B-00C04F79EFBC}") = "KampIntro", "KampIntro\KampIntro.csproj", "{AC661EEC-6A1E-4288-B835-78A40E3AB2F5}"
EndProject
Project("{FAE04EC0-301F-11D3-BF4B-00C04F79EFBC}") = "Donguler", "Donguler\Donguler.csproj", "{B6D9F5DF-1713-4302-9E20-D8279DC0E714}"
EndProject
Project("{FAE04EC0-301F-11D3-BF4B-00C04F79EFBC}") = "ClassIntro", "ClassIntro\ClassIntro.csproj", "{6DBDC2F2-FC23-4869-8964-B30A826D9054}"
EndProject
Project("{FAE04EC0-301F-11D3-BF4B-00C04F79EFBC}") = "Metodlar", "Metodlar\Metodlar.csproj", "{5F3844D7-0745-4FF7-8F56-7EB5A95AE891}"
EndProject
Project("{FAE04EC0-301F-11D3-BF4B-00C04F79EFBC}") = "Matematik", "Matematik\Matematik.csproj", "{98E77514-2AA6-4371-BD77-F09B1A8BAF75}"
EndProject
Project("{FAE04EC0-301F-11D3-BF4B-00C04F79EFBC}") = "DegerVeReferansTipler", "DegerVeReferansTipler\DegerVeReferansTipler.csproj", "{6630BB55-1D80-44E4-B486-1EE9A5053462}"
EndProject
Project("{FAE04EC0-301F-11D3-BF4B-00C04F79EFBC}") = "OOP1", "OOP1\OOP1.csproj", "{BDC15D45-0C5B-49E0-9A40-AA566FD9D368}"
EndProject
Project("{FAE04EC0-301F-11D3-BF4B-00C04F79EFBC}") = "Collections", "Collections\Collections.csproj", "{1475A15E-7994-455E-8FFE-CDBB963E3FBD}"
EndProject
Project("{FAE04EC0-301F-11D3-BF4B-00C04F79EFBC}") = "GenericsIntro", "GenericsIntro\GenericsIntro.csproj", "{F1127C3F-F2B7-4F4E-B1B7-CD1DB6C079BC}"
EndProject
Project("{FAE04EC0-301F-11D3-BF4B-00C04F79EFBC}") = "OOP2", "OOP2\OOP2.csproj", "{AE9205EE-6EA2-4689-A6CE-5F347B15AB4D}"
EndProject
Project("{FAE04EC0-301F-11D3-BF4B-00C04F79EFBC}") = "OOP3", "OOP3\OOP3.csproj", "{E476C5D2-1E13-4573-827D-92A644497D1F}"
EndProject
Global
	GlobalSection(SolutionConfigurationPlatforms) = preSolution
		Debug|Any CPU = Debug|Any CPU
		Release|Any CPU = Release|Any CPU
	EndGlobalSection
	GlobalSection(ProjectConfigurationPlatforms) = postSolution
		{AC661EEC-6A1E-4288-B835-78A40E3AB2F5}.Debug|Any CPU.ActiveCfg = Debug|Any CPU
		{AC661EEC-6A1E-4288-B835-78A40E3AB2F5}.Debug|Any CPU.Build.0 = Debug|Any CPU
		{AC661EEC-6A1E-4288-B835-78A40E3AB2F5}.Release|Any CPU.ActiveCfg = Release|Any CPU
		{AC661EEC-6A1E-4288-B835-78A40E3AB2F5}.Release|Any CPU.Build.0 = Release|Any CPU
		{B6D9F5DF-1713-4302-9E20-D8279DC0E714}.Debug|Any CPU.ActiveCfg = Debug|Any CPU
		{B6D9F5DF-1713-4302-9E20-D8279DC0E714}.Debug|Any CPU.Build.0 = Debug|Any CPU
		{B6D9F5DF-1713-4302-9E20-D8279DC0E714}.Release|Any CPU.ActiveCfg = Release|Any CPU
		{B6D9F5DF-1713-4302-9E20-D8279DC0E714}.Release|Any CPU.Build.0 = Release|Any CPU
		{6DBDC2F2-FC23-4869-8964-B30A826D9054}.Debug|Any CPU.ActiveCfg = Debug|Any CPU
		{6DBDC2F2-FC23-4869-8964-B30A826D9054}.Debug|Any CPU.Build.0 = Debug|Any CPU
		{6DBDC2F2-FC23-4869-8964-B30A826D9054}.Release|Any CPU.ActiveCfg = Release|Any CPU
		{6DBDC2F2-FC23-4869-8964-B30A826D9054}.Release|Any CPU.Build.0 = Release|Any CPU
		{5F3844D7-0745-4FF7-8F56-7EB5A95AE891}.Debug|Any CPU.ActiveCfg = Debug|Any CPU
		{5F3844D7-0745-4FF7-8F56-7EB5A95AE891}.Debug|Any CPU.Build.0 = Debug|Any CPU
		{5F3844D7-0745-4FF7-8F56-7EB5A95AE891}.Release|Any CPU.ActiveCfg = Release|Any CPU
		{5F3844D7-0745-4FF7-8F56-7EB5A95AE891}.Release|Any CPU.Build.0 = Release|Any CPU
		{98E77514-2AA6-4371-BD77-F09B1A8BAF75}.Debug|Any CPU.ActiveCfg = Debug|Any CPU
		{98E77514-2AA6-4371-BD77-F09B1A8BAF75}.Debug|Any CPU.Build.0 = Debug|Any CPU
		{98E77514-2AA6-4371-BD77-F09B1A8BAF75}.Release|Any CPU.ActiveCfg = Release|Any CPU
		{98E77514-2AA6-4371-BD77-F09B1A8BAF75}.Release|Any CPU.Build.0 = Release|Any CPU
		{6630BB55-1D80-44E4-B486-1EE9A5053462}.Debug|Any CPU.ActiveCfg = Debug|Any CPU
		{6630BB55-1D80-44E4-B486-1EE9A5053462}.Debug|Any CPU.Build.0 = Debug|Any CPU
		{6630BB55-1D80-44E4-B486-1EE9A5053462}.Release|Any CPU.ActiveCfg = Release|Any CPU
		{6630BB55-1D80-44E4-B486-1EE9A5053462}.Release|Any CPU.Build.0 = Release|Any CPU
		{BDC15D45-0C5B-49E0-9A40-AA566FD9D368}.Debug|Any CPU.ActiveCfg = Debug|Any CPU
		{BDC15D45-0C5B-49E0-9A40-AA566FD9D368}.Debug|Any CPU.Build.0 = Debug|Any CPU
		{BDC15D45-0C5B-49E0-9A40-AA566FD9D368}.Release|Any CPU.ActiveCfg = Release|Any CPU
		{BDC15D45-0C5B-49E0-9A40-AA566FD9D368}.Release|Any CPU.Build.0 = Release|Any CPU
		{1475A15E-7994-455E-8FFE-CDBB963E3FBD}.Debug|Any CPU.ActiveCfg = Debug|Any CPU
		{1475A15E-7994-455E-8FFE-CDBB963E3FBD}.Debug|Any CPU.Build.0 = Debug|Any CPU
		{1475A15E-7994-455E-8FFE-CDBB963E3FBD}.Release|Any CPU.ActiveCfg = Release|Any CPU
		{1475A15E-7994-455E-8FFE-CDBB963E3FBD}.Release|Any CPU.Build.0 = Release|Any CPU
		{F1127C3F-F2B7-4F4E-B1B7-CD1DB6C079BC}.Debug|Any CPU.ActiveCfg = Debug|Any CPU
		{F1127C3F-F2B7-4F4E-B1B7-CD1DB6C079BC}.Debug|Any CPU.Build.0 = Debug|Any CPU
		{F1127C3F-F2B7-4F4E-B1B7-CD1DB6C079BC}.Release|Any CPU.ActiveCfg = Release|Any CPU
		{F1127C3F-F2B7-4F4E-B1B7-CD1DB6C079BC}.Release|Any CPU.Build.0 = Release|Any CPU
		{AE9205EE-6EA2-4689-A6CE-5F347B15AB4D}.Debug|Any CPU.ActiveCfg = Debug|Any CPU
		{AE9205EE-6EA2-4689-A6CE-5F347B15AB4D}.Debug|Any CPU.Build.0 = Debug|Any CPU
		{AE9205EE-6EA2-4689-A6CE-5F347B15AB4D}.Release|Any CPU.ActiveCfg = Release|Any CPU
		{AE9205EE-6EA2-4689-A6CE-5F347B15AB4D}.Release|Any CPU.Build.0 = Release|Any CPU
		{E476C5D2-1E13-4573-827D-92A644497D1F}.Debug|Any CPU.ActiveCfg = Debug|Any CPU
		{E476C5D2-1E13-4573-827D-92A644497D1F}.Debug|Any CPU.Build.0 = Debug|Any CPU
		{E476C5D2-1E13-4573-827D-92A644497D1F}.Release|Any CPU.ActiveCfg = Release|Any CPU
		{E476C5D2-1E13-4573-827D-92A644497D1F}.Release|Any CPU.Build.0 = Release|Any CPU
	EndGlobalSection
	GlobalSection(SolutionProperties) = preSolution
		HideSolutionNode = FALSE
	EndGlobalSection
	GlobalSection(ExtensibilityGlobals) = postSolution
		SolutionGuid = {6910D9BD-5F55-4686-B144-8B0F3347F702}
	EndGlobalSection
EndGlobal
